[[package]]
name = "bitreader"
version = "0.3.1"
source = "registry+https://github.com/rust-lang/crates.io-index"

[[package]]
name = "byteorder"
version = "1.2.1"
source = "registry+https://github.com/rust-lang/crates.io-index"

[[package]]
name = "raft"
version = "0.1.0"
dependencies = [
 "bitreader 0.3.1 (registry+https://github.com/rust-lang/crates.io-index)",
 "byteorder 1.2.1 (registry+https://github.com/rust-lang/crates.io-index)",
]

[metadata]
"checksum bitreader 0.3.1 (registry+https://github.com/rust-lang/crates.io-index)" = "a13e712f6e04f0e507a913abf5e008ba2a342ec26d9fac34ba0766bd77ced5b8"
"checksum byteorder 1.2.1 (registry+https://github.com/rust-lang/crates.io-index)" = "652805b7e73fada9d85e9a6682a4abd490cb52d96aeecc12e33a0de34dfd0d23"
